// !$*UTF8*$!
{
	archiveVersion = 1;
	classes = {
	};
	objectVersion = 56;
	objects = {

/* Begin PBXBuildFile section */
		A40821672BBF05B2003B1B6F /* Router.swift in Sources */ = {isa = PBXBuildFile; fileRef = A4AEDC992BBE04EB002D4AE7 /* Router.swift */; };
		A40821692BBF6628003B1B6F /* LaunchesRoutes.swift in Sources */ = {isa = PBXBuildFile; fileRef = A40821682BBF6628003B1B6F /* LaunchesRoutes.swift */; };
		A41831002BB6157000888022 /* SpaceXApp.swift in Sources */ = {isa = PBXBuildFile; fileRef = A41830FF2BB6157000888022 /* SpaceXApp.swift */; };
		A41831022BB6157000888022 /* LaunchesListScreen.swift in Sources */ = {isa = PBXBuildFile; fileRef = A41831012BB6157000888022 /* LaunchesListScreen.swift */; };
		A41831042BB6157200888022 /* Assets.xcassets in Resources */ = {isa = PBXBuildFile; fileRef = A41831032BB6157200888022 /* Assets.xcassets */; };
		A41831072BB6157200888022 /* Preview Assets.xcassets in Resources */ = {isa = PBXBuildFile; fileRef = A41831062BB6157200888022 /* Preview Assets.xcassets */; };
		A418B8392BBF056F00E03F9F /* AppRoutes.swift in Sources */ = {isa = PBXBuildFile; fileRef = A418B8382BBF056F00E03F9F /* AppRoutes.swift */; };
		A47A34092BBB714900683259 /* LaunchDetailScreen.swift in Sources */ = {isa = PBXBuildFile; fileRef = A47A34082BBB714900683259 /* LaunchDetailScreen.swift */; };
		A47A340E2BBB72D100683259 /* ResultStatus.swift in Sources */ = {isa = PBXBuildFile; fileRef = A47A340D2BBB72D100683259 /* ResultStatus.swift */; };
		A49C99C12BC2DB4B008545A7 /* Colors.swift in Sources */ = {isa = PBXBuildFile; fileRef = A49C99C02BC2DB4B008545A7 /* Colors.swift */; };
		A49C99C42BC2E4B3008545A7 /* ScreenUtils.swift in Sources */ = {isa = PBXBuildFile; fileRef = A49C99C32BC2E4B3008545A7 /* ScreenUtils.swift */; };
		A4B831FA2BC46C6600A21838 /* LaunchesViewModel.swift in Sources */ = {isa = PBXBuildFile; fileRef = A4B831F92BC46C6600A21838 /* LaunchesViewModel.swift */; };
		A4B831FF2BC46CA900A21838 /* LaunchesRepository.swift in Sources */ = {isa = PBXBuildFile; fileRef = A4B831FE2BC46CA900A21838 /* LaunchesRepository.swift */; };
		A4B832012BC46CCB00A21838 /* LaunchModel.swift in Sources */ = {isa = PBXBuildFile; fileRef = A4B832002BC46CCB00A21838 /* LaunchModel.swift */; };
		A4B832032BC46CF500A21838 /* Endpoints.swift in Sources */ = {isa = PBXBuildFile; fileRef = A4B832022BC46CF500A21838 /* Endpoints.swift */; };
		A4B832062BC4809400A21838 /* LaunchRepository.swift in Sources */ = {isa = PBXBuildFile; fileRef = A4B832052BC4809400A21838 /* LaunchRepository.swift */; };
		A4B832082BC483E600A21838 /* Http.swift in Sources */ = {isa = PBXBuildFile; fileRef = A4B832072BC483E600A21838 /* Http.swift */; };
		A4B8320A2BC486F500A21838 /* Error.swift in Sources */ = {isa = PBXBuildFile; fileRef = A4B832092BC486F500A21838 /* Error.swift */; };
/* End PBXBuildFile section */

/* Begin PBXFileReference section */
		A40821682BBF6628003B1B6F /* LaunchesRoutes.swift */ = {isa = PBXFileReference; lastKnownFileType = sourcecode.swift; path = LaunchesRoutes.swift; sourceTree = "<group>"; };
		A41830FC2BB6157000888022 /* spacexapp.app */ = {isa = PBXFileReference; explicitFileType = wrapper.application; includeInIndex = 0; path = spacexapp.app; sourceTree = BUILT_PRODUCTS_DIR; };
		A41830FF2BB6157000888022 /* SpaceXApp.swift */ = {isa = PBXFileReference; lastKnownFileType = sourcecode.swift; path = SpaceXApp.swift; sourceTree = "<group>"; };
		A41831012BB6157000888022 /* LaunchesListScreen.swift */ = {isa = PBXFileReference; lastKnownFileType = sourcecode.swift; path = LaunchesListScreen.swift; sourceTree = "<group>"; };
		A41831032BB6157200888022 /* Assets.xcassets */ = {isa = PBXFileReference; lastKnownFileType = folder.assetcatalog; path = Assets.xcassets; sourceTree = "<group>"; };
		A41831062BB6157200888022 /* Preview Assets.xcassets */ = {isa = PBXFileReference; lastKnownFileType = folder.assetcatalog; path = "Preview Assets.xcassets"; sourceTree = "<group>"; };
		A418B8382BBF056F00E03F9F /* AppRoutes.swift */ = {isa = PBXFileReference; lastKnownFileType = sourcecode.swift; path = AppRoutes.swift; sourceTree = "<group>"; };
		A47A34082BBB714900683259 /* LaunchDetailScreen.swift */ = {isa = PBXFileReference; lastKnownFileType = sourcecode.swift; path = LaunchDetailScreen.swift; sourceTree = "<group>"; };
		A47A340D2BBB72D100683259 /* ResultStatus.swift */ = {isa = PBXFileReference; lastKnownFileType = sourcecode.swift; path = ResultStatus.swift; sourceTree = "<group>"; };
		A49C99C02BC2DB4B008545A7 /* Colors.swift */ = {isa = PBXFileReference; lastKnownFileType = sourcecode.swift; path = Colors.swift; sourceTree = "<group>"; };
		A49C99C32BC2E4B3008545A7 /* ScreenUtils.swift */ = {isa = PBXFileReference; lastKnownFileType = sourcecode.swift; path = ScreenUtils.swift; sourceTree = "<group>"; };
		A4AEDC992BBE04EB002D4AE7 /* Router.swift */ = {isa = PBXFileReference; lastKnownFileType = sourcecode.swift; path = Router.swift; sourceTree = "<group>"; };
		A4B831F92BC46C6600A21838 /* LaunchesViewModel.swift */ = {isa = PBXFileReference; lastKnownFileType = sourcecode.swift; path = LaunchesViewModel.swift; sourceTree = "<group>"; };
		A4B831FE2BC46CA900A21838 /* LaunchesRepository.swift */ = {isa = PBXFileReference; lastKnownFileType = sourcecode.swift; path = LaunchesRepository.swift; sourceTree = "<group>"; };
		A4B832002BC46CCB00A21838 /* LaunchModel.swift */ = {isa = PBXFileReference; lastKnownFileType = sourcecode.swift; path = LaunchModel.swift; sourceTree = "<group>"; };
		A4B832022BC46CF500A21838 /* Endpoints.swift */ = {isa = PBXFileReference; lastKnownFileType = sourcecode.swift; path = Endpoints.swift; sourceTree = "<group>"; };
		A4B832052BC4809400A21838 /* LaunchRepository.swift */ = {isa = PBXFileReference; lastKnownFileType = sourcecode.swift; path = LaunchRepository.swift; sourceTree = "<group>"; };
		A4B832072BC483E600A21838 /* Http.swift */ = {isa = PBXFileReference; lastKnownFileType = sourcecode.swift; path = Http.swift; sourceTree = "<group>"; };
		A4B832092BC486F500A21838 /* Error.swift */ = {isa = PBXFileReference; lastKnownFileType = sourcecode.swift; path = Error.swift; sourceTree = "<group>"; };
/* End PBXFileReference section */

/* Begin PBXFrameworksBuildPhase section */
		A41830F92BB6157000888022 /* Frameworks */ = {
			isa = PBXFrameworksBuildPhase;
			buildActionMask = 2147483647;
			files = (
			);
			runOnlyForDeploymentPostprocessing = 0;
		};
/* End PBXFrameworksBuildPhase section */

/* Begin PBXGroup section */
		A41830F32BB6157000888022 = {
			isa = PBXGroup;
			children = (
				A41830FE2BB6157000888022 /* spacexapp */,
				A41830FD2BB6157000888022 /* Products */,
			);
			sourceTree = "<group>";
		};
		A41830FD2BB6157000888022 /* Products */ = {
			isa = PBXGroup;
			children = (
				A41830FC2BB6157000888022 /* spacexapp.app */,
			);
			name = Products;
			sourceTree = "<group>";
		};
		A41830FE2BB6157000888022 /* spacexapp */ = {
			isa = PBXGroup;
			children = (
				A49C99C22BC2E4A4008545A7 /* utils */,
				A47A34042BBB6EB500683259 /* interfaces */,
				A47A34032BBB6EAA00683259 /* constants */,
				A47A34012BBB6DE500683259 /* app */,
				A41830FF2BB6157000888022 /* SpaceXApp.swift */,
				A41831032BB6157200888022 /* Assets.xcassets */,
				A41831052BB6157200888022 /* Preview Content */,
			);
			path = spacexapp;
			sourceTree = "<group>";
		};
		A41831052BB6157200888022 /* Preview Content */ = {
			isa = PBXGroup;
			children = (
				A41831062BB6157200888022 /* Preview Assets.xcassets */,
			);
			path = "Preview Content";
			sourceTree = "<group>";
		};
		A47A33FE2BBB6DB100683259 /* screens */ = {
			isa = PBXGroup;
			children = (
				A41831012BB6157000888022 /* LaunchesListScreen.swift */,
				A47A34082BBB714900683259 /* LaunchDetailScreen.swift */,
			);
			path = screens;
			sourceTree = "<group>";
		};
		A47A33FF2BBB6DBB00683259 /* domain */ = {
			isa = PBXGroup;
			children = (
				A4B831FC2BC46C9800A21838 /* repositories */,
				A4B831FB2BC46C9400A21838 /* models */,
			);
			path = domain;
			sourceTree = "<group>";
		};
		A47A34002BBB6DC300683259 /* data */ = {
			isa = PBXGroup;
			children = (
				A4B832042BC4808700A21838 /* repositories */,
			);
			path = data;
			sourceTree = "<group>";
		};
		A47A34012BBB6DE500683259 /* app */ = {
			isa = PBXGroup;
			children = (
				A47A34052BBB6F2C00683259 /* core */,
				A495A69D2BBEF1BE00D446A7 /* launches */,
			);
			path = app;
			sourceTree = "<group>";
		};
		A47A34032BBB6EAA00683259 /* constants */ = {
			isa = PBXGroup;
			children = (
				A49C99C02BC2DB4B008545A7 /* Colors.swift */,
				A4B832022BC46CF500A21838 /* Endpoints.swift */,
			);
			path = constants;
			sourceTree = "<group>";
		};
		A47A34042BBB6EB500683259 /* interfaces */ = {
			isa = PBXGroup;
			children = (
				A4B832072BC483E600A21838 /* Http.swift */,
			);
			path = interfaces;
			sourceTree = "<group>";
		};
		A47A34052BBB6F2C00683259 /* core */ = {
			isa = PBXGroup;
			children = (
				A4AEDC962BBE0418002D4AE7 /* navigation */,
				A47A340A2BBB72A000683259 /* domain */,
			);
			path = core;
			sourceTree = "<group>";
		};
		A47A340A2BBB72A000683259 /* domain */ = {
			isa = PBXGroup;
			children = (
				A47A340B2BBB72A500683259 /* models */,
			);
			path = domain;
			sourceTree = "<group>";
		};
		A47A340B2BBB72A500683259 /* models */ = {
			isa = PBXGroup;
			children = (
				A47A340D2BBB72D100683259 /* ResultStatus.swift */,
			);
			path = models;
			sourceTree = "<group>";
		};
		A495A69D2BBEF1BE00D446A7 /* launches */ = {
			isa = PBXGroup;
			children = (
				A4B831F82BC46B1A00A21838 /* viewmodels */,
				A47A34002BBB6DC300683259 /* data */,
				A47A33FF2BBB6DBB00683259 /* domain */,
				A47A33FE2BBB6DB100683259 /* screens */,
				A40821682BBF6628003B1B6F /* LaunchesRoutes.swift */,
			);
			path = launches;
			sourceTree = "<group>";
		};
		A49C99C22BC2E4A4008545A7 /* utils */ = {
			isa = PBXGroup;
			children = (
				A49C99C32BC2E4B3008545A7 /* ScreenUtils.swift */,
				A4B832092BC486F500A21838 /* Error.swift */,
			);
			path = utils;
			sourceTree = "<group>";
		};
		A4AEDC962BBE0418002D4AE7 /* navigation */ = {
			isa = PBXGroup;
			children = (
				A4AEDC992BBE04EB002D4AE7 /* Router.swift */,
				A418B8382BBF056F00E03F9F /* AppRoutes.swift */,
			);
			path = navigation;
			sourceTree = "<group>";
		};
		A4B831F82BC46B1A00A21838 /* viewmodels */ = {
			isa = PBXGroup;
			children = (
				A4B831F92BC46C6600A21838 /* LaunchesViewModel.swift */,
			);
			path = viewmodels;
			sourceTree = "<group>";
		};
		A4B831FB2BC46C9400A21838 /* models */ = {
			isa = PBXGroup;
			children = (
				A4B832002BC46CCB00A21838 /* LaunchModel.swift */,
			);
			path = models;
			sourceTree = "<group>";
		};
		A4B831FC2BC46C9800A21838 /* repositories */ = {
			isa = PBXGroup;
			children = (
				A4B831FE2BC46CA900A21838 /* LaunchesRepository.swift */,
			);
			path = repositories;
			sourceTree = "<group>";
		};
		A4B832042BC4808700A21838 /* repositories */ = {
			isa = PBXGroup;
			children = (
				A4B832052BC4809400A21838 /* LaunchRepository.swift */,
			);
			path = repositories;
			sourceTree = "<group>";
		};
/* End PBXGroup section */

/* Begin PBXNativeTarget section */
		A41830FB2BB6157000888022 /* spacexapp */ = {
			isa = PBXNativeTarget;
			buildConfigurationList = A418310A2BB6157200888022 /* Build configuration list for PBXNativeTarget "spacexapp" */;
			buildPhases = (
				A41830F82BB6157000888022 /* Sources */,
				A41830F92BB6157000888022 /* Frameworks */,
				A41830FA2BB6157000888022 /* Resources */,
			);
			buildRules = (
			);
			dependencies = (
			);
			name = spacexapp;
			productName = spacexapp;
			productReference = A41830FC2BB6157000888022 /* spacexapp.app */;
			productType = "com.apple.product-type.application";
		};
/* End PBXNativeTarget section */

/* Begin PBXProject section */
		A41830F42BB6157000888022 /* Project object */ = {
			isa = PBXProject;
			attributes = {
				BuildIndependentTargetsInParallel = 1;
				LastSwiftUpdateCheck = 1530;
				LastUpgradeCheck = 1530;
				TargetAttributes = {
					A41830FB2BB6157000888022 = {
						CreatedOnToolsVersion = 15.3;
					};
				};
			};
			buildConfigurationList = A41830F72BB6157000888022 /* Build configuration list for PBXProject "spacexapp" */;
			compatibilityVersion = "Xcode 14.0";
			developmentRegion = en;
			hasScannedForEncodings = 0;
			knownRegions = (
				en,
				Base,
			);
			mainGroup = A41830F32BB6157000888022;
			productRefGroup = A41830FD2BB6157000888022 /* Products */;
			projectDirPath = "";
			projectRoot = "";
			targets = (
				A41830FB2BB6157000888022 /* spacexapp */,
			);
		};
/* End PBXProject section */

/* Begin PBXResourcesBuildPhase section */
		A41830FA2BB6157000888022 /* Resources */ = {
			isa = PBXResourcesBuildPhase;
			buildActionMask = 2147483647;
			files = (
				A41831072BB6157200888022 /* Preview Assets.xcassets in Resources */,
				A41831042BB6157200888022 /* Assets.xcassets in Resources */,
			);
			runOnlyForDeploymentPostprocessing = 0;
		};
/* End PBXResourcesBuildPhase section */

/* Begin PBXSourcesBuildPhase section */
		A41830F82BB6157000888022 /* Sources */ = {
			isa = PBXSourcesBuildPhase;
			buildActionMask = 2147483647;
			files = (
				A4B8320A2BC486F500A21838 /* Error.swift in Sources */,
				A4B832012BC46CCB00A21838 /* LaunchModel.swift in Sources */,
				A40821672BBF05B2003B1B6F /* Router.swift in Sources */,
				A4B832032BC46CF500A21838 /* Endpoints.swift in Sources */,
				A49C99C12BC2DB4B008545A7 /* Colors.swift in Sources */,
				A47A340E2BBB72D100683259 /* ResultStatus.swift in Sources */,
				A49C99C42BC2E4B3008545A7 /* ScreenUtils.swift in Sources */,
				A4B832062BC4809400A21838 /* LaunchRepository.swift in Sources */,
				A418B8392BBF056F00E03F9F /* AppRoutes.swift in Sources */,
				A4B831FF2BC46CA900A21838 /* LaunchesRepository.swift in Sources */,
				A40821692BBF6628003B1B6F /* LaunchesRoutes.swift in Sources */,
				A41831022BB6157000888022 /* LaunchesListScreen.swift in Sources */,
				A4B831FA2BC46C6600A21838 /* LaunchesViewModel.swift in Sources */,
				A47A34092BBB714900683259 /* LaunchDetailScreen.swift in Sources */,
				A41831002BB6157000888022 /* SpaceXApp.swift in Sources */,
				A4B832082BC483E600A21838 /* Http.swift in Sources */,
			);
			runOnlyForDeploymentPostprocessing = 0;
		};
/* End PBXSourcesBuildPhase section */

/* Begin XCBuildConfiguration section */
		A41831082BB6157200888022 /* Debug */ = {
			isa = XCBuildConfiguration;
			buildSettings = {
				ALWAYS_SEARCH_USER_PATHS = NO;
				ASSETCATALOG_COMPILER_GENERATE_SWIFT_ASSET_SYMBOL_EXTENSIONS = YES;
				CLANG_ANALYZER_NONNULL = YES;
				CLANG_ANALYZER_NUMBER_OBJECT_CONVERSION = YES_AGGRESSIVE;
				CLANG_CXX_LANGUAGE_STANDARD = "gnu++20";
				CLANG_ENABLE_MODULES = YES;
				CLANG_ENABLE_OBJC_ARC = YES;
				CLANG_ENABLE_OBJC_WEAK = YES;
				CLANG_WARN_BLOCK_CAPTURE_AUTORELEASING = YES;
				CLANG_WARN_BOOL_CONVERSION = YES;
				CLANG_WARN_COMMA = YES;
				CLANG_WARN_CONSTANT_CONVERSION = YES;
				CLANG_WARN_DEPRECATED_OBJC_IMPLEMENTATIONS = YES;
				CLANG_WARN_DIRECT_OBJC_ISA_USAGE = YES_ERROR;
				CLANG_WARN_DOCUMENTATION_COMMENTS = YES;
				CLANG_WARN_EMPTY_BODY = YES;
				CLANG_WARN_ENUM_CONVERSION = YES;
				CLANG_WARN_INFINITE_RECURSION = YES;
				CLANG_WARN_INT_CONVERSION = YES;
				CLANG_WARN_NON_LITERAL_NULL_CONVERSION = YES;
				CLANG_WARN_OBJC_IMPLICIT_RETAIN_SELF = YES;
				CLANG_WARN_OBJC_LITERAL_CONVERSION = YES;
				CLANG_WARN_OBJC_ROOT_CLASS = YES_ERROR;
				CLANG_WARN_QUOTED_INCLUDE_IN_FRAMEWORK_HEADER = YES;
				CLANG_WARN_RANGE_LOOP_ANALYSIS = YES;
				CLANG_WARN_STRICT_PROTOTYPES = YES;
				CLANG_WARN_SUSPICIOUS_MOVE = YES;
				CLANG_WARN_UNGUARDED_AVAILABILITY = YES_AGGRESSIVE;
				CLANG_WARN_UNREACHABLE_CODE = YES;
				CLANG_WARN__DUPLICATE_METHOD_MATCH = YES;
				COPY_PHASE_STRIP = NO;
				DEBUG_INFORMATION_FORMAT = dwarf;
				ENABLE_STRICT_OBJC_MSGSEND = YES;
				ENABLE_TESTABILITY = YES;
				ENABLE_USER_SCRIPT_SANDBOXING = YES;
				GCC_C_LANGUAGE_STANDARD = gnu17;
				GCC_DYNAMIC_NO_PIC = NO;
				GCC_NO_COMMON_BLOCKS = YES;
				GCC_OPTIMIZATION_LEVEL = 0;
				GCC_PREPROCESSOR_DEFINITIONS = (
					"DEBUG=1",
					"$(inherited)",
				);
				GCC_WARN_64_TO_32_BIT_CONVERSION = YES;
				GCC_WARN_ABOUT_RETURN_TYPE = YES_ERROR;
				GCC_WARN_UNDECLARED_SELECTOR = YES;
				GCC_WARN_UNINITIALIZED_AUTOS = YES_AGGRESSIVE;
				GCC_WARN_UNUSED_FUNCTION = YES;
				GCC_WARN_UNUSED_VARIABLE = YES;
				IPHONEOS_DEPLOYMENT_TARGET = 17.4;
				LOCALIZATION_PREFERS_STRING_CATALOGS = YES;
				MTL_ENABLE_DEBUG_INFO = INCLUDE_SOURCE;
				MTL_FAST_MATH = YES;
				ONLY_ACTIVE_ARCH = YES;
				SDKROOT = iphoneos;
				SWIFT_ACTIVE_COMPILATION_CONDITIONS = "DEBUG $(inherited)";
				SWIFT_OPTIMIZATION_LEVEL = "-Onone";
			};
			name = Debug;
		};
		A41831092BB6157200888022 /* Release */ = {
			isa = XCBuildConfiguration;
			buildSettings = {
				ALWAYS_SEARCH_USER_PATHS = NO;
				ASSETCATALOG_COMPILER_GENERATE_SWIFT_ASSET_SYMBOL_EXTENSIONS = YES;
				CLANG_ANALYZER_NONNULL = YES;
				CLANG_ANALYZER_NUMBER_OBJECT_CONVERSION = YES_AGGRESSIVE;
				CLANG_CXX_LANGUAGE_STANDARD = "gnu++20";
				CLANG_ENABLE_MODULES = YES;
				CLANG_ENABLE_OBJC_ARC = YES;
				CLANG_ENABLE_OBJC_WEAK = YES;
				CLANG_WARN_BLOCK_CAPTURE_AUTORELEASING = YES;
				CLANG_WARN_BOOL_CONVERSION = YES;
				CLANG_WARN_COMMA = YES;
				CLANG_WARN_CONSTANT_CONVERSION = YES;
				CLANG_WARN_DEPRECATED_OBJC_IMPLEMENTATIONS = YES;
				CLANG_WARN_DIRECT_OBJC_ISA_USAGE = YES_ERROR;
				CLANG_WARN_DOCUMENTATION_COMMENTS = YES;
				CLANG_WARN_EMPTY_BODY = YES;
				CLANG_WARN_ENUM_CONVERSION = YES;
				CLANG_WARN_INFINITE_RECURSION = YES;
				CLANG_WARN_INT_CONVERSION = YES;
				CLANG_WARN_NON_LITERAL_NULL_CONVERSION = YES;
				CLANG_WARN_OBJC_IMPLICIT_RETAIN_SELF = YES;
				CLANG_WARN_OBJC_LITERAL_CONVERSION = YES;
				CLANG_WARN_OBJC_ROOT_CLASS = YES_ERROR;
				CLANG_WARN_QUOTED_INCLUDE_IN_FRAMEWORK_HEADER = YES;
				CLANG_WARN_RANGE_LOOP_ANALYSIS = YES;
				CLANG_WARN_STRICT_PROTOTYPES = YES;
				CLANG_WARN_SUSPICIOUS_MOVE = YES;
				CLANG_WARN_UNGUARDED_AVAILABILITY = YES_AGGRESSIVE;
				CLANG_WARN_UNREACHABLE_CODE = YES;
				CLANG_WARN__DUPLICATE_METHOD_MATCH = YES;
				COPY_PHASE_STRIP = NO;
				DEBUG_INFORMATION_FORMAT = "dwarf-with-dsym";
				ENABLE_NS_ASSERTIONS = NO;
				ENABLE_STRICT_OBJC_MSGSEND = YES;
				ENABLE_USER_SCRIPT_SANDBOXING = YES;
				GCC_C_LANGUAGE_STANDARD = gnu17;
				GCC_NO_COMMON_BLOCKS = YES;
				GCC_WARN_64_TO_32_BIT_CONVERSION = YES;
				GCC_WARN_ABOUT_RETURN_TYPE = YES_ERROR;
				GCC_WARN_UNDECLARED_SELECTOR = YES;
				GCC_WARN_UNINITIALIZED_AUTOS = YES_AGGRESSIVE;
				GCC_WARN_UNUSED_FUNCTION = YES;
				GCC_WARN_UNUSED_VARIABLE = YES;
				IPHONEOS_DEPLOYMENT_TARGET = 17.4;
				LOCALIZATION_PREFERS_STRING_CATALOGS = YES;
				MTL_ENABLE_DEBUG_INFO = NO;
				MTL_FAST_MATH = YES;
				SDKROOT = iphoneos;
				SWIFT_COMPILATION_MODE = wholemodule;
				VALIDATE_PRODUCT = YES;
			};
			name = Release;
		};
		A418310B2BB6157200888022 /* Debug */ = {
			isa = XCBuildConfiguration;
			buildSettings = {
				ASSETCATALOG_COMPILER_APPICON_NAME = AppIcon;
				ASSETCATALOG_COMPILER_GLOBAL_ACCENT_COLOR_NAME = AccentColor;
				CODE_SIGN_STYLE = Automatic;
				CURRENT_PROJECT_VERSION = 1;
				DEVELOPMENT_ASSET_PATHS = "\"spacexapp/Preview Content\"";
				DEVELOPMENT_TEAM = 649V7AY9B6;
				ENABLE_PREVIEWS = YES;
				GENERATE_INFOPLIST_FILE = YES;
				INFOPLIST_KEY_UIApplicationSceneManifest_Generation = YES;
				INFOPLIST_KEY_UIApplicationSupportsIndirectInputEvents = YES;
				INFOPLIST_KEY_UILaunchScreen_Generation = YES;
				INFOPLIST_KEY_UISupportedInterfaceOrientations_iPad = "UIInterfaceOrientationPortrait UIInterfaceOrientationPortraitUpsideDown UIInterfaceOrientationLandscapeLeft UIInterfaceOrientationLandscapeRight";
				INFOPLIST_KEY_UISupportedInterfaceOrientations_iPhone = "UIInterfaceOrientationPortrait UIInterfaceOrientationLandscapeLeft UIInterfaceOrientationLandscapeRight";
				LD_RUNPATH_SEARCH_PATHS = (
					"$(inherited)",
					"@executable_path/Frameworks",
				);
				MARKETING_VERSION = 1.0;
				PRODUCT_BUNDLE_IDENTIFIER = dev.ldrpontes.spacexapp;
				PRODUCT_NAME = "$(TARGET_NAME)";
				SWIFT_EMIT_LOC_STRINGS = YES;
				SWIFT_VERSION = 5.0;
				TARGETED_DEVICE_FAMILY = "1,2";
			};
			name = Debug;
		};
		A418310C2BB6157200888022 /* Release */ = {
			isa = XCBuildConfiguration;
			buildSettings = {
				ASSETCATALOG_COMPILER_APPICON_NAME = AppIcon;
				ASSETCATALOG_COMPILER_GLOBAL_ACCENT_COLOR_NAME = AccentColor;
				CODE_SIGN_STYLE = Automatic;
				CURRENT_PROJECT_VERSION = 1;
				DEVELOPMENT_ASSET_PATHS = "\"spacexapp/Preview Content\"";
				DEVELOPMENT_TEAM = 649V7AY9B6;
				ENABLE_PREVIEWS = YES;
				GENERATE_INFOPLIST_FILE = YES;
				INFOPLIST_KEY_UIApplicationSceneManifest_Generation = YES;
				INFOPLIST_KEY_UIApplicationSupportsIndirectInputEvents = YES;
				INFOPLIST_KEY_UILaunchScreen_Generation = YES;
				INFOPLIST_KEY_UISupportedInterfaceOrientations_iPad = "UIInterfaceOrientationPortrait UIInterfaceOrientationPortraitUpsideDown UIInterfaceOrientationLandscapeLeft UIInterfaceOrientationLandscapeRight";
				INFOPLIST_KEY_UISupportedInterfaceOrientations_iPhone = "UIInterfaceOrientationPortrait UIInterfaceOrientationLandscapeLeft UIInterfaceOrientationLandscapeRight";
				LD_RUNPATH_SEARCH_PATHS = (
					"$(inherited)",
					"@executable_path/Frameworks",
				);
				MARKETING_VERSION = 1.0;
				PRODUCT_BUNDLE_IDENTIFIER = dev.ldrpontes.spacexapp;
				PRODUCT_NAME = "$(TARGET_NAME)";
				SWIFT_EMIT_LOC_STRINGS = YES;
				SWIFT_VERSION = 5.0;
				TARGETED_DEVICE_FAMILY = "1,2";
			};
			name = Release;
		};
/* End XCBuildConfiguration section */

/* Begin XCConfigurationList section */
		A41830F72BB6157000888022 /* Build configuration list for PBXProject "spacexapp" */ = {
			isa = XCConfigurationList;
			buildConfigurations = (
				A41831082BB6157200888022 /* Debug */,
				A41831092BB6157200888022 /* Release */,
			);
			defaultConfigurationIsVisible = 0;
			defaultConfigurationName = Release;
		};
		A418310A2BB6157200888022 /* Build configuration list for PBXNativeTarget "spacexapp" */ = {
			isa = XCConfigurationList;
			buildConfigurations = (
				A418310B2BB6157200888022 /* Debug */,
				A418310C2BB6157200888022 /* Release */,
			);
			defaultConfigurationIsVisible = 0;
			defaultConfigurationName = Release;
		};
/* End XCConfigurationList section */
	};
	rootObject = A41830F42BB6157000888022 /* Project object */;
}
